<?xml version="1.0" encoding="UTF-8"?>
<Scheme
   LastUpgradeVersion = "1540"
   version = "1.7">
   <BuildAction
      parallelizeBuildables = "YES"
      buildImplicitDependencies = "YES"
      buildArchitectures = "Automatic">
      <BuildActionEntries>
         <BuildActionEntry
            buildForTesting = "YES"
            buildForRunning = "YES"
            buildForProfiling = "YES"
            buildForArchiving = "YES"
            buildForAnalyzing = "YES">
            <BuildableReference
               BuildableIdentifier = "primary"
               BlueprintIdentifier = "270C32022C6F52FA00DC44BE"
               BuildableName = "alpha"
               BlueprintName = "alpha"
               ReferencedContainer = "container:alpha.xcodeproj">
            </BuildableReference>
         </BuildActionEntry>
      </BuildActionEntries>
   </BuildAction>
   <TestAction
      buildConfiguration = "Debug"
      selectedDebuggerIdentifier = "Xcode.DebuggerFoundation.Debugger.LLDB"
      selectedLauncherIdentifier = "Xcode.DebuggerFoundation.Launcher.LLDB"
      shouldUseLaunchSchemeArgsEnv = "YES"
      shouldAutocreateTestPlan = "YES">
   </TestAction>
   <LaunchAction
      buildConfiguration = "Debug"
      selectedDebuggerIdentifier = "Xcode.DebuggerFoundation.Debugger.LLDB"
      selectedLauncherIdentifier = "Xcode.DebuggerFoundation.Launcher.LLDB"
      launchStyle = "0"
      useCustomWorkingDirectory = "NO"
      ignoresPersistentStateOnLaunch = "NO"
      debugDocumentVersioning = "YES"
      debugServiceExtension = "internal"
      allowLocationSimulation = "YES"
      viewDebuggingEnabled = "No">
      <BuildableProductRunnable
         runnableDebuggingMode = "0">
         <BuildableReference
            BuildableIdentifier = "primary"
            BlueprintIdentifier = "270C32022C6F52FA00DC44BE"
            BuildableName = "alpha"
            BlueprintName = "alpha"
            ReferencedContainer = "container:alpha.xcodeproj">
         </BuildableReference>
      </BuildableProductRunnable>
      <CommandLineArguments>
         <CommandLineArgument
            argument = "-datadir=&quot;/Users/mike/dummy6&quot;"
            isEnabled = "YES">
         </CommandLineArgument>
         <CommandLineArgument
            argument = "-alphatestnet"
            isEnabled = "YES">
         </CommandLineArgument>
         <CommandLineArgument
            argument = "-reindex"
            isEnabled = "YES">
         </CommandLineArgument>
         <CommandLineArgument
            argument = "-server"
            isEnabled = "NO">
         </CommandLineArgument>
         <CommandLineArgument
            argument = "-txindex"
            isEnabled = "YES">
         </CommandLineArgument>
         <CommandLineArgument
            argument = "-blockfilterindex"
            isEnabled = "YES">
         </CommandLineArgument>
         <CommandLineArgument
            argument = "-listen=0 "
            isEnabled = "NO">
         </CommandLineArgument>
         <CommandLineArgument
            argument = "-connect=205.251.15.157"
            isEnabled = "YES">
         </CommandLineArgument>
         <CommandLineArgument
            argument = "-noconnect"
            isEnabled = "NO">
         </CommandLineArgument>
         <CommandLineArgument
            argument = "-loglevelalways"
            isEnabled = "YES">
         </CommandLineArgument>
         <CommandLineArgument
            argument = "-debug=1"
            isEnabled = "YES">
         </CommandLineArgument>
         <CommandLineArgument
            argument = "-loglevel=trace"
            isEnabled = "YES">
         </CommandLineArgument>
         <CommandLineArgument
            argument = "-logsourcelocations"
            isEnabled = "YES">
         </CommandLineArgument>
         <CommandLineArgument
            argument = "-loadblock=&quot;/Users/mike/new_block.dat&quot;"
            isEnabled = "NO">
         </CommandLineArgument>
         <CommandLineArgument
            argument = "-loadblock=&quot;/Users/mike/blk0001Sep10.dat&quot;"
            isEnabled = "NO">
         </CommandLineArgument>
         <CommandLineArgument
            argument = "-onion=0 -listenonion=0"
            isEnabled = "YES">
         </CommandLineArgument>
         <CommandLineArgument
            argument = "-alpharegtest"
            isEnabled = "NO">
         </CommandLineArgument>
         <CommandLineArgument
            argument = "-alpha"
            isEnabled = "NO">
         </CommandLineArgument>
         <CommandLineArgument
            argument = "-regtest"
            isEnabled = "NO">
         </CommandLineArgument>
         <CommandLineArgument
            argument = "-debug"
            isEnabled = "YES">
         </CommandLineArgument>
      </CommandLineArguments>
   </LaunchAction>
   <ProfileAction
      buildConfiguration = "Release"
      shouldUseLaunchSchemeArgsEnv = "YES"
      savedToolIdentifier = ""
      useCustomWorkingDirectory = "NO"
      debugDocumentVersioning = "YES">
      <MacroExpansion>
         <BuildableReference
            BuildableIdentifier = "primary"
            BlueprintIdentifier = "270C32022C6F52FA00DC44BE"
            BuildableName = "alpha"
            BlueprintName = "alpha"
            ReferencedContainer = "container:alpha.xcodeproj">
         </BuildableReference>
      </MacroExpansion>
   </ProfileAction>
   <AnalyzeAction
      buildConfiguration = "Debug">
   </AnalyzeAction>
   <ArchiveAction
      buildConfiguration = "Release"
      revealArchiveInOrganizer = "YES">
   </ArchiveAction>
</Scheme>
